
Microsoft Visual Studio Solution File, Format Version 12.00
# Visual Studio Version 16
VisualStudioVersion = 16.0.30621.155
MinimumVisualStudioVersion = 10.0.40219.1
Project("{FAE04EC0-301F-11D3-BF4B-00C04F79EFBC}") = "AppTest.Android", "AppTest\AppTest.Android\AppTest.Android.csproj", "{3F18E249-5C49-4F0E-950F-84DDA0C53500}"
EndProject
Project("{FAE04EC0-301F-11D3-BF4B-00C04F79EFBC}") = "AppTest", "AppTest\AppTest\AppTest.csproj", "{7C3F6E3F-2058-48E9-8A58-855B19D82663}"
EndProject
Global
	GlobalSection(SolutionConfigurationPlatforms) = preSolution
		Debug|Any CPU = Debug|Any CPU
		Release|Any CPU = Release|Any CPU
	EndGlobalSection
	GlobalSection(ProjectConfigurationPlatforms) = postSolution
		{3F18E249-5C49-4F0E-950F-84DDA0C53500}.Debug|Any CPU.ActiveCfg = Debug|Any CPU
		{3F18E249-5C49-4F0E-950F-84DDA0C53500}.Debug|Any CPU.Build.0 = Debug|Any CPU
		{3F18E249-5C49-4F0E-950F-84DDA0C53500}.Debug|Any CPU.Deploy.0 = Debug|Any CPU
		{3F18E249-5C49-4F0E-950F-84DDA0C53500}.Release|Any CPU.ActiveCfg = Release|Any CPU
		{3F18E249-5C49-4F0E-950F-84DDA0C53500}.Release|Any CPU.Build.0 = Release|Any CPU
		{3F18E249-5C49-4F0E-950F-84DDA0C53500}.Release|Any CPU.Deploy.0 = Release|Any CPU
		{7C3F6E3F-2058-48E9-8A58-855B19D82663}.Debug|Any CPU.ActiveCfg = Debug|Any CPU
		{7C3F6E3F-2058-48E9-8A58-855B19D82663}.Debug|Any CPU.Build.0 = Debug|Any CPU
		{7C3F6E3F-2058-48E9-8A58-855B19D82663}.Debug|Any CPU.Deploy.0 = Debug|Any CPU
		{7C3F6E3F-2058-48E9-8A58-855B19D82663}.Release|Any CPU.ActiveCfg = Release|Any CPU
		{7C3F6E3F-2058-48E9-8A58-855B19D82663}.Release|Any CPU.Build.0 = Release|Any CPU
		{7C3F6E3F-2058-48E9-8A58-855B19D82663}.Release|Any CPU.Deploy.0 = Release|Any CPU
	EndGlobalSection
	GlobalSection(SolutionProperties) = preSolution
		HideSolutionNode = FALSE
	EndGlobalSection
	GlobalSection(ExtensibilityGlobals) = postSolution
		SolutionGuid = {9913FAC2-9C18-4D57-8E78-69B75E62C9AF}
	EndGlobalSection
EndGlobal
